<?xml version="1.0" encoding="utf-8"?>
<Project ToolsVersion="4.0" xmlns="http://schemas.microsoft.com/developer/msbuild/2003">
  <ItemGroup>
    <Filter Include="Source Files">
      <UniqueIdentifier>{6b3ccf67-22e6-4308-a3a5-5bb32307e731}</UniqueIdentifier>
      <Extensions>cpp;c;cxx;rc;def;r;odl;idl;hpj;bat</Extensions>
    </Filter>
    <Filter Include="Header Files">
      <UniqueIdentifier>{a417cb46-5dd8-4232-81f1-acfddae41481}</UniqueIdentifier>
      <Extensions>h;hpp;hxx;hm;inl</Extensions>
    </Filter>
    <Filter Include="Resource Files">
      <UniqueIdentifier>{d138a3bc-ecd6-46ef-8b75-fa7bb19a0077}</UniqueIdentifier>
      <Extensions>ico;cur;bmp;dlg;rc2;rct;bin;rgs;gif;jpg;jpeg;jpe</Extensions>
    </Filter>
  </ItemGroup>
  <ItemGroup>
    <ClInclude Include="src\channel.h">
      <Filter>Header Files</Filter>
    </ClInclude>
    <ClInclude Include="src\csound~.h">
      <Filter>Header Files</Filter>
    </ClInclude>
    <ClInclude Include="src\CsoundTable.h">
      <Filter>Header Files</Filter>
    </ClInclude>
    <ClInclude Include="src\Lock.h">
      <Filter>Header Files</Filter>
    </ClInclude>
    <ClInclude Include="src\memory.h">
      <Filter>Header Files</Filter>
    </ClInclude>
    <ClInclude Include="src\midi.h">
      <Filter>Header Files</Filter>
    </ClInclude>
    <ClInclude Include="src\sequencer.h">
      <Filter>Header Files</Filter>
    </ClInclude>
    <ClInclude Include="src\util.h">
      <Filter>Header Files</Filter>
    </ClInclude>
    <ClInclude Include="src\includes.h">
      <Filter>Header Files</Filter>
    </ClInclude>
    <ClInclude Include="src\definitions.h">
      <Filter>Header Files</Filter>
    </ClInclude>
    <ClInclude Include="src\max_headers.h">
      <Filter>Header Files</Filter>
    </ClInclude>
    <ClInclude Include="src\CsoundObject.h">
      <Filter>Header Files</Filter>
    </ClInclude>
    <ClInclude Include="src\Args.h">
      <Filter>Header Files</Filter>
    </ClInclude>
    <ClInclude Include="src\PatchScripter.h">
      <Filter>Header Files</Filter>
    </ClInclude>
    <ClInclude Include="src\eksepshun.h">
      <Filter>Header Files</Filter>
    </ClInclude>
    <ClInclude Include="src\Parser.h">
      <Filter>Header Files</Filter>
    </ClInclude>
    <ClInclude Include="src\atom_buffer.h">
      <Filter>Header Files</Filter>
    </ClInclude>
    <ClInclude Include="src\message_buffer.h">
      <Filter>Header Files</Filter>
    </ClInclude>
  </ItemGroup>
  <ItemGroup>
    <ClCompile Include="src\channel.cpp">
      <Filter>Source Files</Filter>
    </ClCompile>
    <ClCompile Include="src\csound~.cpp">
      <Filter>Source Files</Filter>
    </ClCompile>
    <ClCompile Include="src\CsoundTable.cpp">
      <Filter>Source Files</Filter>
    </ClCompile>
    <ClCompile Include="src\Lock.cpp">
      <Filter>Source Files</Filter>
    </ClCompile>
    <ClCompile Include="src\memory.cpp">
      <Filter>Source Files</Filter>
    </ClCompile>
    <ClCompile Include="src\midi.cpp">
      <Filter>Source Files</Filter>
    </ClCompile>
    <ClCompile Include="src\sequencer.cpp">
      <Filter>Source Files</Filter>
    </ClCompile>
    <ClCompile Include="src\util.cpp">
      <Filter>Source Files</Filter>
    </ClCompile>
    <ClCompile Include="src\CsoundObject.cpp">
      <Filter>Source Files</Filter>
    </ClCompile>
    <ClCompile Include="src\Args.cpp">
      <Filter>Source Files</Filter>
    </ClCompile>
    <ClCompile Include="src\PatchScripter.cpp">
      <Filter>Source Files</Filter>
    </ClCompile>
    <ClCompile Include="src\atom_buffer.cpp">
      <Filter>Source Files</Filter>
    </ClCompile>
    <ClCompile Include="src\message_buffer.cpp">
      <Filter>Source Files</Filter>
    </ClCompile>
    <ClCompile Include="src\dllmain_win.c">
      <Filter>Source Files</Filter>
    </ClCompile>
  </ItemGroup>
</Project>